// !$*UTF8*$!
{
	archiveVersion = 1;
	classes = {
	};
	objectVersion = 56;
	objects = {

/* Begin PBXBuildFile section */
		DF7119A629AB5B7A0029A98F /* RxCocoa in Frameworks */ = {isa = PBXBuildFile; productRef = DF7119A529AB5B7A0029A98F /* RxCocoa */; };
		DF7119A829AB5B7A0029A98F /* RxSwift in Frameworks */ = {isa = PBXBuildFile; productRef = DF7119A729AB5B7A0029A98F /* RxSwift */; };
		DF7119AE29AB61580029A98F /* HTTPMethod.swift in Sources */ = {isa = PBXBuildFile; fileRef = DF7119AD29AB61580029A98F /* HTTPMethod.swift */; };
		DF7119B029AB6C170029A98F /* NetworkProvider.swift in Sources */ = {isa = PBXBuildFile; fileRef = DF7119AF29AB6C170029A98F /* NetworkProvider.swift */; };
		DF7119B229ADD18D0029A98F /* URLSessionProtocol.swift in Sources */ = {isa = PBXBuildFile; fileRef = DF7119B129ADD18D0029A98F /* URLSessionProtocol.swift */; };
		DF7119B429AE2FDD0029A98F /* Network.swift in Sources */ = {isa = PBXBuildFile; fileRef = DF7119B329AE2FDD0029A98F /* Network.swift */; };
		DF7119B629AE2FE90029A98F /* NetworkError.swift in Sources */ = {isa = PBXBuildFile; fileRef = DF7119B529AE2FE90029A98F /* NetworkError.swift */; };
		DF7119B829AE300B0029A98F /* MarketNetwork.swift in Sources */ = {isa = PBXBuildFile; fileRef = DF7119B729AE300B0029A98F /* MarketNetwork.swift */; };
		DF7119BA29AE30260029A98F /* EndPoint.swift in Sources */ = {isa = PBXBuildFile; fileRef = DF7119B929AE30260029A98F /* EndPoint.swift */; };
		DF7119BC29AE32090029A98F /* HTTPConetentType.swift in Sources */ = {isa = PBXBuildFile; fileRef = DF7119BB29AE32090029A98F /* HTTPConetentType.swift */; };
		DF7B365729B0AC2500348FFB /* ProductList.swift in Sources */ = {isa = PBXBuildFile; fileRef = DF7B365629B0AC2500348FFB /* ProductList.swift */; };
		DF7B365929B0AC3F00348FFB /* Product.swift in Sources */ = {isa = PBXBuildFile; fileRef = DF7B365829B0AC3F00348FFB /* Product.swift */; };
		DF7B365B29B0AC7800348FFB /* Vendor.swift in Sources */ = {isa = PBXBuildFile; fileRef = DF7B365A29B0AC7800348FFB /* Vendor.swift */; };
		DF7B365D29B0AC8700348FFB /* ProductImage.swift in Sources */ = {isa = PBXBuildFile; fileRef = DF7B365C29B0AC8700348FFB /* ProductImage.swift */; };
		DF7B365F29B0ACA900348FFB /* Currency.swift in Sources */ = {isa = PBXBuildFile; fileRef = DF7B365E29B0ACA900348FFB /* Currency.swift */; };
		DF7B366829B0D8E800348FFB /* UIImage + resize.swift in Sources */ = {isa = PBXBuildFile; fileRef = DF7B366729B0D8E800348FFB /* UIImage + resize.swift */; };
		DF7ECFBB29AB54F6000307FF /* AppDelegate.swift in Sources */ = {isa = PBXBuildFile; fileRef = DF7ECFBA29AB54F6000307FF /* AppDelegate.swift */; };
		DF7ECFBD29AB54F6000307FF /* SceneDelegate.swift in Sources */ = {isa = PBXBuildFile; fileRef = DF7ECFBC29AB54F6000307FF /* SceneDelegate.swift */; };
		DF7ECFBF29AB54F6000307FF /* ProductListViewController.swift in Sources */ = {isa = PBXBuildFile; fileRef = DF7ECFBE29AB54F6000307FF /* ProductListViewController.swift */; };
		DF7ECFC429AB54F6000307FF /* Assets.xcassets in Resources */ = {isa = PBXBuildFile; fileRef = DF7ECFC329AB54F6000307FF /* Assets.xcassets */; };
		DF7ECFC729AB54F6000307FF /* LaunchScreen.storyboard in Resources */ = {isa = PBXBuildFile; fileRef = DF7ECFC529AB54F6000307FF /* LaunchScreen.storyboard */; };
/* End PBXBuildFile section */

/* Begin PBXFileReference section */
		DF7119AD29AB61580029A98F /* HTTPMethod.swift */ = {isa = PBXFileReference; lastKnownFileType = sourcecode.swift; path = HTTPMethod.swift; sourceTree = "<group>"; };
		DF7119AF29AB6C170029A98F /* NetworkProvider.swift */ = {isa = PBXFileReference; lastKnownFileType = sourcecode.swift; path = NetworkProvider.swift; sourceTree = "<group>"; };
		DF7119B129ADD18D0029A98F /* URLSessionProtocol.swift */ = {isa = PBXFileReference; lastKnownFileType = sourcecode.swift; path = URLSessionProtocol.swift; sourceTree = "<group>"; };
		DF7119B329AE2FDD0029A98F /* Network.swift */ = {isa = PBXFileReference; lastKnownFileType = sourcecode.swift; path = Network.swift; sourceTree = "<group>"; };
		DF7119B529AE2FE90029A98F /* NetworkError.swift */ = {isa = PBXFileReference; lastKnownFileType = sourcecode.swift; path = NetworkError.swift; sourceTree = "<group>"; };
		DF7119B729AE300B0029A98F /* MarketNetwork.swift */ = {isa = PBXFileReference; lastKnownFileType = sourcecode.swift; path = MarketNetwork.swift; sourceTree = "<group>"; };
		DF7119B929AE30260029A98F /* EndPoint.swift */ = {isa = PBXFileReference; lastKnownFileType = sourcecode.swift; path = EndPoint.swift; sourceTree = "<group>"; };
		DF7119BB29AE32090029A98F /* HTTPConetentType.swift */ = {isa = PBXFileReference; lastKnownFileType = sourcecode.swift; path = HTTPConetentType.swift; sourceTree = "<group>"; };
		DF7B365629B0AC2500348FFB /* ProductList.swift */ = {isa = PBXFileReference; lastKnownFileType = sourcecode.swift; path = ProductList.swift; sourceTree = "<group>"; };
		DF7B365829B0AC3F00348FFB /* Product.swift */ = {isa = PBXFileReference; lastKnownFileType = sourcecode.swift; path = Product.swift; sourceTree = "<group>"; };
		DF7B365A29B0AC7800348FFB /* Vendor.swift */ = {isa = PBXFileReference; lastKnownFileType = sourcecode.swift; path = Vendor.swift; sourceTree = "<group>"; };
		DF7B365C29B0AC8700348FFB /* ProductImage.swift */ = {isa = PBXFileReference; lastKnownFileType = sourcecode.swift; path = ProductImage.swift; sourceTree = "<group>"; };
		DF7B365E29B0ACA900348FFB /* Currency.swift */ = {isa = PBXFileReference; lastKnownFileType = sourcecode.swift; path = Currency.swift; sourceTree = "<group>"; };
		DF7B366729B0D8E800348FFB /* UIImage + resize.swift */ = {isa = PBXFileReference; lastKnownFileType = sourcecode.swift; path = "UIImage + resize.swift"; sourceTree = "<group>"; };
		DF7ECFB729AB54F6000307FF /* 01-open-market.app */ = {isa = PBXFileReference; explicitFileType = wrapper.application; includeInIndex = 0; path = "01-open-market.app"; sourceTree = BUILT_PRODUCTS_DIR; };
		DF7ECFBA29AB54F6000307FF /* AppDelegate.swift */ = {isa = PBXFileReference; lastKnownFileType = sourcecode.swift; path = AppDelegate.swift; sourceTree = "<group>"; };
		DF7ECFBC29AB54F6000307FF /* SceneDelegate.swift */ = {isa = PBXFileReference; lastKnownFileType = sourcecode.swift; path = SceneDelegate.swift; sourceTree = "<group>"; };
		DF7ECFBE29AB54F6000307FF /* ProductListViewController.swift */ = {isa = PBXFileReference; lastKnownFileType = sourcecode.swift; path = ProductListViewController.swift; sourceTree = "<group>"; };
		DF7ECFC329AB54F6000307FF /* Assets.xcassets */ = {isa = PBXFileReference; lastKnownFileType = folder.assetcatalog; path = Assets.xcassets; sourceTree = "<group>"; };
		DF7ECFC629AB54F6000307FF /* Base */ = {isa = PBXFileReference; lastKnownFileType = file.storyboard; name = Base; path = Base.lproj/LaunchScreen.storyboard; sourceTree = "<group>"; };
		DF7ECFC829AB54F6000307FF /* Info.plist */ = {isa = PBXFileReference; lastKnownFileType = text.plist.xml; path = Info.plist; sourceTree = "<group>"; };
/* End PBXFileReference section */

/* Begin PBXFrameworksBuildPhase section */
		DF7ECFB429AB54F6000307FF /* Frameworks */ = {
			isa = PBXFrameworksBuildPhase;
			buildActionMask = 2147483647;
			files = (
				DF7119A829AB5B7A0029A98F /* RxSwift in Frameworks */,
				DF7119A629AB5B7A0029A98F /* RxCocoa in Frameworks */,
			);
			runOnlyForDeploymentPostprocessing = 0;
		};
/* End PBXFrameworksBuildPhase section */

/* Begin PBXGroup section */
		DF7119A029AB58FE0029A98F /* Application */ = {
			isa = PBXGroup;
			children = (
				DF7ECFBA29AB54F6000307FF /* AppDelegate.swift */,
				DF7ECFBC29AB54F6000307FF /* SceneDelegate.swift */,
			);
			path = Application;
			sourceTree = "<group>";
		};
		DF7119A129AB59080029A98F /* Resources */ = {
			isa = PBXGroup;
			children = (
				DF7ECFC329AB54F6000307FF /* Assets.xcassets */,
				DF7ECFC529AB54F6000307FF /* LaunchScreen.storyboard */,
				DF7ECFC829AB54F6000307FF /* Info.plist */,
			);
			path = Resources;
			sourceTree = "<group>";
		};
		DF7119A329AB59200029A98F /* ProductListScene */ = {
			isa = PBXGroup;
			children = (
				DF7ECFBE29AB54F6000307FF /* ProductListViewController.swift */,
			);
			path = ProductListScene;
			sourceTree = "<group>";
		};
		DF7119AB29AB61410029A98F /* Data */ = {
			isa = PBXGroup;
			children = (
				DF7119AC29AB614C0029A98F /* Network */,
			);
			path = Data;
			sourceTree = "<group>";
		};
		DF7119AC29AB614C0029A98F /* Network */ = {
			isa = PBXGroup;
			children = (
				DF7119BE29AE32480029A98F /* NetworkAPI */,
				DF7119AF29AB6C170029A98F /* NetworkProvider.swift */,
				DF7119B329AE2FDD0029A98F /* Network.swift */,
				DF7119B529AE2FE90029A98F /* NetworkError.swift */,
				DF7119BD29AE32280029A98F /* Utilities */,
			);
			path = Network;
			sourceTree = "<group>";
		};
		DF7119BD29AE32280029A98F /* Utilities */ = {
			isa = PBXGroup;
			children = (
				DF7119B129ADD18D0029A98F /* URLSessionProtocol.swift */,
				DF7119AD29AB61580029A98F /* HTTPMethod.swift */,
				DF7119BB29AE32090029A98F /* HTTPConetentType.swift */,
				DF7119B929AE30260029A98F /* EndPoint.swift */,
			);
			path = Utilities;
			sourceTree = "<group>";
		};
		DF7119BE29AE32480029A98F /* NetworkAPI */ = {
			isa = PBXGroup;
			children = (
				DF7119B729AE300B0029A98F /* MarketNetwork.swift */,
			);
			path = NetworkAPI;
			sourceTree = "<group>";
		};
		DF7119BF29AE32900029A98F /* Domain */ = {
			isa = PBXGroup;
			children = (
				DF7119C029AE329A0029A98F /* Entities */,
			);
			path = Domain;
			sourceTree = "<group>";
		};
		DF7119C029AE329A0029A98F /* Entities */ = {
			isa = PBXGroup;
			children = (
				DF7B365629B0AC2500348FFB /* ProductList.swift */,
				DF7B365829B0AC3F00348FFB /* Product.swift */,
				DF7B365A29B0AC7800348FFB /* Vendor.swift */,
				DF7B365C29B0AC8700348FFB /* ProductImage.swift */,
				DF7B365E29B0ACA900348FFB /* Currency.swift */,
			);
			path = Entities;
			sourceTree = "<group>";
		};
		DF7B366029B0D6AA00348FFB /* Presentation */ = {
			isa = PBXGroup;
			children = (
				DF7B366629B0D87300348FFB /* Common */,
				DF7119A329AB59200029A98F /* ProductListScene */,
			);
			path = Presentation;
			sourceTree = "<group>";
		};
		DF7B366629B0D87300348FFB /* Common */ = {
			isa = PBXGroup;
			children = (
				DF7B366729B0D8E800348FFB /* UIImage + resize.swift */,
			);
			path = Common;
			sourceTree = "<group>";
		};
		DF7ECFAE29AB54F6000307FF = {
			isa = PBXGroup;
			children = (
				DF7ECFB929AB54F6000307FF /* 01-open-market */,
				DF7ECFB829AB54F6000307FF /* Products */,
			);
			sourceTree = "<group>";
		};
		DF7ECFB829AB54F6000307FF /* Products */ = {
			isa = PBXGroup;
			children = (
				DF7ECFB729AB54F6000307FF /* 01-open-market.app */,
			);
			name = Products;
			sourceTree = "<group>";
		};
		DF7ECFB929AB54F6000307FF /* 01-open-market */ = {
			isa = PBXGroup;
			children = (
				DF7119A029AB58FE0029A98F /* Application */,
				DF7B366029B0D6AA00348FFB /* Presentation */,
				DF7119BF29AE32900029A98F /* Domain */,
				DF7119AB29AB61410029A98F /* Data */,
				DF7119A129AB59080029A98F /* Resources */,
			);
			path = "01-open-market";
			sourceTree = "<group>";
		};
/* End PBXGroup section */

/* Begin PBXNativeTarget section */
		DF7ECFB629AB54F6000307FF /* 01-open-market */ = {
			isa = PBXNativeTarget;
			buildConfigurationList = DF7ECFCB29AB54F6000307FF /* Build configuration list for PBXNativeTarget "01-open-market" */;
			buildPhases = (
				DF7ECFB329AB54F6000307FF /* Sources */,
				DF7ECFB429AB54F6000307FF /* Frameworks */,
				DF7ECFB529AB54F6000307FF /* Resources */,
			);
			buildRules = (
			);
			dependencies = (
			);
			name = "01-open-market";
			packageProductDependencies = (
				DF7119A529AB5B7A0029A98F /* RxCocoa */,
				DF7119A729AB5B7A0029A98F /* RxSwift */,
			);
			productName = "01-open-market";
			productReference = DF7ECFB729AB54F6000307FF /* 01-open-market.app */;
			productType = "com.apple.product-type.application";
		};
/* End PBXNativeTarget section */

/* Begin PBXProject section */
		DF7ECFAF29AB54F6000307FF /* Project object */ = {
			isa = PBXProject;
			attributes = {
				BuildIndependentTargetsInParallel = 1;
				LastSwiftUpdateCheck = 1400;
				LastUpgradeCheck = 1400;
				TargetAttributes = {
					DF7ECFB629AB54F6000307FF = {
						CreatedOnToolsVersion = 14.0.1;
					};
				};
			};
			buildConfigurationList = DF7ECFB229AB54F6000307FF /* Build configuration list for PBXProject "01-open-market" */;
			compatibilityVersion = "Xcode 14.0";
			developmentRegion = en;
			hasScannedForEncodings = 0;
			knownRegions = (
				en,
				Base,
			);
			mainGroup = DF7ECFAE29AB54F6000307FF;
			packageReferences = (
				DF7119A429AB5B790029A98F /* XCRemoteSwiftPackageReference "RxSwift" */,
			);
			productRefGroup = DF7ECFB829AB54F6000307FF /* Products */;
			projectDirPath = "";
			projectRoot = "";
			targets = (
				DF7ECFB629AB54F6000307FF /* 01-open-market */,
			);
		};
/* End PBXProject section */

/* Begin PBXResourcesBuildPhase section */
		DF7ECFB529AB54F6000307FF /* Resources */ = {
			isa = PBXResourcesBuildPhase;
			buildActionMask = 2147483647;
			files = (
				DF7ECFC729AB54F6000307FF /* LaunchScreen.storyboard in Resources */,
				DF7ECFC429AB54F6000307FF /* Assets.xcassets in Resources */,
			);
			runOnlyForDeploymentPostprocessing = 0;
		};
/* End PBXResourcesBuildPhase section */

/* Begin PBXSourcesBuildPhase section */
		DF7ECFB329AB54F6000307FF /* Sources */ = {
			isa = PBXSourcesBuildPhase;
			buildActionMask = 2147483647;
			files = (
				DF7119B229ADD18D0029A98F /* URLSessionProtocol.swift in Sources */,
				DF7B365B29B0AC7800348FFB /* Vendor.swift in Sources */,
				DF7119B629AE2FE90029A98F /* NetworkError.swift in Sources */,
				DF7119BC29AE32090029A98F /* HTTPConetentType.swift in Sources */,
				DF7119BA29AE30260029A98F /* EndPoint.swift in Sources */,
				DF7119AE29AB61580029A98F /* HTTPMethod.swift in Sources */,
				DF7ECFBF29AB54F6000307FF /* ProductListViewController.swift in Sources */,
				DF7119B829AE300B0029A98F /* MarketNetwork.swift in Sources */,
				DF7ECFBB29AB54F6000307FF /* AppDelegate.swift in Sources */,
				DF7B366829B0D8E800348FFB /* UIImage + resize.swift in Sources */,
				DF7B365F29B0ACA900348FFB /* Currency.swift in Sources */,
				DF7ECFBD29AB54F6000307FF /* SceneDelegate.swift in Sources */,
				DF7B365729B0AC2500348FFB /* ProductList.swift in Sources */,
				DF7B365D29B0AC8700348FFB /* ProductImage.swift in Sources */,
				DF7119B429AE2FDD0029A98F /* Network.swift in Sources */,
				DF7119B029AB6C170029A98F /* NetworkProvider.swift in Sources */,
				DF7B365929B0AC3F00348FFB /* Product.swift in Sources */,
			);
			runOnlyForDeploymentPostprocessing = 0;
		};
/* End PBXSourcesBuildPhase section */

/* Begin PBXVariantGroup section */
		DF7ECFC529AB54F6000307FF /* LaunchScreen.storyboard */ = {
			isa = PBXVariantGroup;
			children = (
				DF7ECFC629AB54F6000307FF /* Base */,
			);
			name = LaunchScreen.storyboard;
			sourceTree = "<group>";
		};
/* End PBXVariantGroup section */

/* Begin XCBuildConfiguration section */
		DF7ECFC929AB54F6000307FF /* Debug */ = {
			isa = XCBuildConfiguration;
			buildSettings = {
				ALWAYS_SEARCH_USER_PATHS = NO;
				CLANG_ANALYZER_NONNULL = YES;
				CLANG_ANALYZER_NUMBER_OBJECT_CONVERSION = YES_AGGRESSIVE;
				CLANG_CXX_LANGUAGE_STANDARD = "gnu++20";
				CLANG_ENABLE_MODULES = YES;
				CLANG_ENABLE_OBJC_ARC = YES;
				CLANG_ENABLE_OBJC_WEAK = YES;
				CLANG_WARN_BLOCK_CAPTURE_AUTORELEASING = YES;
				CLANG_WARN_BOOL_CONVERSION = YES;
				CLANG_WARN_COMMA = YES;
				CLANG_WARN_CONSTANT_CONVERSION = YES;
				CLANG_WARN_DEPRECATED_OBJC_IMPLEMENTATIONS = YES;
				CLANG_WARN_DIRECT_OBJC_ISA_USAGE = YES_ERROR;
				CLANG_WARN_DOCUMENTATION_COMMENTS = YES;
				CLANG_WARN_EMPTY_BODY = YES;
				CLANG_WARN_ENUM_CONVERSION = YES;
				CLANG_WARN_INFINITE_RECURSION = YES;
				CLANG_WARN_INT_CONVERSION = YES;
				CLANG_WARN_NON_LITERAL_NULL_CONVERSION = YES;
				CLANG_WARN_OBJC_IMPLICIT_RETAIN_SELF = YES;
				CLANG_WARN_OBJC_LITERAL_CONVERSION = YES;
				CLANG_WARN_OBJC_ROOT_CLASS = YES_ERROR;
				CLANG_WARN_QUOTED_INCLUDE_IN_FRAMEWORK_HEADER = YES;
				CLANG_WARN_RANGE_LOOP_ANALYSIS = YES;
				CLANG_WARN_STRICT_PROTOTYPES = YES;
				CLANG_WARN_SUSPICIOUS_MOVE = YES;
				CLANG_WARN_UNGUARDED_AVAILABILITY = YES_AGGRESSIVE;
				CLANG_WARN_UNREACHABLE_CODE = YES;
				CLANG_WARN__DUPLICATE_METHOD_MATCH = YES;
				COPY_PHASE_STRIP = NO;
				DEBUG_INFORMATION_FORMAT = dwarf;
				ENABLE_STRICT_OBJC_MSGSEND = YES;
				ENABLE_TESTABILITY = YES;
				GCC_C_LANGUAGE_STANDARD = gnu11;
				GCC_DYNAMIC_NO_PIC = NO;
				GCC_NO_COMMON_BLOCKS = YES;
				GCC_OPTIMIZATION_LEVEL = 0;
				GCC_PREPROCESSOR_DEFINITIONS = (
					"DEBUG=1",
					"$(inherited)",
				);
				GCC_WARN_64_TO_32_BIT_CONVERSION = YES;
				GCC_WARN_ABOUT_RETURN_TYPE = YES_ERROR;
				GCC_WARN_UNDECLARED_SELECTOR = YES;
				GCC_WARN_UNINITIALIZED_AUTOS = YES_AGGRESSIVE;
				GCC_WARN_UNUSED_FUNCTION = YES;
				GCC_WARN_UNUSED_VARIABLE = YES;
				IPHONEOS_DEPLOYMENT_TARGET = 16.0;
				MTL_ENABLE_DEBUG_INFO = INCLUDE_SOURCE;
				MTL_FAST_MATH = YES;
				ONLY_ACTIVE_ARCH = YES;
				SDKROOT = iphoneos;
				SWIFT_ACTIVE_COMPILATION_CONDITIONS = DEBUG;
				SWIFT_OPTIMIZATION_LEVEL = "-Onone";
			};
			name = Debug;
		};
		DF7ECFCA29AB54F6000307FF /* Release */ = {
			isa = XCBuildConfiguration;
			buildSettings = {
				ALWAYS_SEARCH_USER_PATHS = NO;
				CLANG_ANALYZER_NONNULL = YES;
				CLANG_ANALYZER_NUMBER_OBJECT_CONVERSION = YES_AGGRESSIVE;
				CLANG_CXX_LANGUAGE_STANDARD = "gnu++20";
				CLANG_ENABLE_MODULES = YES;
				CLANG_ENABLE_OBJC_ARC = YES;
				CLANG_ENABLE_OBJC_WEAK = YES;
				CLANG_WARN_BLOCK_CAPTURE_AUTORELEASING = YES;
				CLANG_WARN_BOOL_CONVERSION = YES;
				CLANG_WARN_COMMA = YES;
				CLANG_WARN_CONSTANT_CONVERSION = YES;
				CLANG_WARN_DEPRECATED_OBJC_IMPLEMENTATIONS = YES;
				CLANG_WARN_DIRECT_OBJC_ISA_USAGE = YES_ERROR;
				CLANG_WARN_DOCUMENTATION_COMMENTS = YES;
				CLANG_WARN_EMPTY_BODY = YES;
				CLANG_WARN_ENUM_CONVERSION = YES;
				CLANG_WARN_INFINITE_RECURSION = YES;
				CLANG_WARN_INT_CONVERSION = YES;
				CLANG_WARN_NON_LITERAL_NULL_CONVERSION = YES;
				CLANG_WARN_OBJC_IMPLICIT_RETAIN_SELF = YES;
				CLANG_WARN_OBJC_LITERAL_CONVERSION = YES;
				CLANG_WARN_OBJC_ROOT_CLASS = YES_ERROR;
				CLANG_WARN_QUOTED_INCLUDE_IN_FRAMEWORK_HEADER = YES;
				CLANG_WARN_RANGE_LOOP_ANALYSIS = YES;
				CLANG_WARN_STRICT_PROTOTYPES = YES;
				CLANG_WARN_SUSPICIOUS_MOVE = YES;
				CLANG_WARN_UNGUARDED_AVAILABILITY = YES_AGGRESSIVE;
				CLANG_WARN_UNREACHABLE_CODE = YES;
				CLANG_WARN__DUPLICATE_METHOD_MATCH = YES;
				COPY_PHASE_STRIP = NO;
				DEBUG_INFORMATION_FORMAT = "dwarf-with-dsym";
				ENABLE_NS_ASSERTIONS = NO;
				ENABLE_STRICT_OBJC_MSGSEND = YES;
				GCC_C_LANGUAGE_STANDARD = gnu11;
				GCC_NO_COMMON_BLOCKS = YES;
				GCC_WARN_64_TO_32_BIT_CONVERSION = YES;
				GCC_WARN_ABOUT_RETURN_TYPE = YES_ERROR;
				GCC_WARN_UNDECLARED_SELECTOR = YES;
				GCC_WARN_UNINITIALIZED_AUTOS = YES_AGGRESSIVE;
				GCC_WARN_UNUSED_FUNCTION = YES;
				GCC_WARN_UNUSED_VARIABLE = YES;
				IPHONEOS_DEPLOYMENT_TARGET = 16.0;
				MTL_ENABLE_DEBUG_INFO = NO;
				MTL_FAST_MATH = YES;
				SDKROOT = iphoneos;
				SWIFT_COMPILATION_MODE = wholemodule;
				SWIFT_OPTIMIZATION_LEVEL = "-O";
				VALIDATE_PRODUCT = YES;
			};
			name = Release;
		};
		DF7ECFCC29AB54F6000307FF /* Debug */ = {
			isa = XCBuildConfiguration;
			buildSettings = {
				ASSETCATALOG_COMPILER_APPICON_NAME = AppIcon;
				ASSETCATALOG_COMPILER_GLOBAL_ACCENT_COLOR_NAME = AccentColor;
				CODE_SIGN_STYLE = Automatic;
				CURRENT_PROJECT_VERSION = 1;
				DEVELOPMENT_TEAM = 299MY3M6HX;
				GENERATE_INFOPLIST_FILE = YES;
				INFOPLIST_FILE = "01-open-market/Resources/Info.plist";
				INFOPLIST_KEY_UIApplicationSupportsIndirectInputEvents = YES;
				INFOPLIST_KEY_UILaunchStoryboardName = LaunchScreen;
				INFOPLIST_KEY_UISupportedInterfaceOrientations_iPhone = "UIInterfaceOrientationPortrait UIInterfaceOrientationLandscapeLeft UIInterfaceOrientationLandscapeRight";
				IPHONEOS_DEPLOYMENT_TARGET = 14.0;
				LD_RUNPATH_SEARCH_PATHS = (
					"$(inherited)",
					"@executable_path/Frameworks",
				);
				MARKETING_VERSION = 1.0;
				PRODUCT_BUNDLE_IDENTIFIER = "yjjem.-1-open-market";
				PRODUCT_NAME = "$(TARGET_NAME)";
				SUPPORTED_PLATFORMS = "iphoneos iphonesimulator";
				SUPPORTS_MACCATALYST = NO;
				SUPPORTS_MAC_DESIGNED_FOR_IPHONE_IPAD = NO;
				SWIFT_EMIT_LOC_STRINGS = YES;
				SWIFT_VERSION = 5.0;
				TARGETED_DEVICE_FAMILY = 1;
			};
			name = Debug;
		};
		DF7ECFCD29AB54F6000307FF /* Release */ = {
			isa = XCBuildConfiguration;
			buildSettings = {
				ASSETCATALOG_COMPILER_APPICON_NAME = AppIcon;
				ASSETCATALOG_COMPILER_GLOBAL_ACCENT_COLOR_NAME = AccentColor;
				CODE_SIGN_STYLE = Automatic;
				CURRENT_PROJECT_VERSION = 1;
				DEVELOPMENT_TEAM = 299MY3M6HX;
				GENERATE_INFOPLIST_FILE = YES;
				INFOPLIST_FILE = "01-open-market/Resources/Info.plist";
				INFOPLIST_KEY_UIApplicationSupportsIndirectInputEvents = YES;
				INFOPLIST_KEY_UILaunchStoryboardName = LaunchScreen;
				INFOPLIST_KEY_UISupportedInterfaceOrientations_iPhone = "UIInterfaceOrientationPortrait UIInterfaceOrientationLandscapeLeft UIInterfaceOrientationLandscapeRight";
				IPHONEOS_DEPLOYMENT_TARGET = 14.0;
				LD_RUNPATH_SEARCH_PATHS = (
					"$(inherited)",
					"@executable_path/Frameworks",
				);
				MARKETING_VERSION = 1.0;
				PRODUCT_BUNDLE_IDENTIFIER = "yjjem.-1-open-market";
				PRODUCT_NAME = "$(TARGET_NAME)";
				SUPPORTED_PLATFORMS = "iphoneos iphonesimulator";
				SUPPORTS_MACCATALYST = NO;
				SUPPORTS_MAC_DESIGNED_FOR_IPHONE_IPAD = NO;
				SWIFT_EMIT_LOC_STRINGS = YES;
				SWIFT_VERSION = 5.0;
				TARGETED_DEVICE_FAMILY = 1;
			};
			name = Release;
		};
/* End XCBuildConfiguration section */

/* Begin XCConfigurationList section */
		DF7ECFB229AB54F6000307FF /* Build configuration list for PBXProject "01-open-market" */ = {
			isa = XCConfigurationList;
			buildConfigurations = (
				DF7ECFC929AB54F6000307FF /* Debug */,
				DF7ECFCA29AB54F6000307FF /* Release */,
			);
			defaultConfigurationIsVisible = 0;
			defaultConfigurationName = Release;
		};
		DF7ECFCB29AB54F6000307FF /* Build configuration list for PBXNativeTarget "01-open-market" */ = {
			isa = XCConfigurationList;
			buildConfigurations = (
				DF7ECFCC29AB54F6000307FF /* Debug */,
				DF7ECFCD29AB54F6000307FF /* Release */,
			);
			defaultConfigurationIsVisible = 0;
			defaultConfigurationName = Release;
		};
/* End XCConfigurationList section */

/* Begin XCRemoteSwiftPackageReference section */
		DF7119A429AB5B790029A98F /* XCRemoteSwiftPackageReference "RxSwift" */ = {
			isa = XCRemoteSwiftPackageReference;
			repositoryURL = "https://github.com/ReactiveX/RxSwift.git";
			requirement = {
				branch = main;
				kind = branch;
			};
		};
/* End XCRemoteSwiftPackageReference section */

/* Begin XCSwiftPackageProductDependency section */
		DF7119A529AB5B7A0029A98F /* RxCocoa */ = {
			isa = XCSwiftPackageProductDependency;
			package = DF7119A429AB5B790029A98F /* XCRemoteSwiftPackageReference "RxSwift" */;
			productName = RxCocoa;
		};
		DF7119A729AB5B7A0029A98F /* RxSwift */ = {
			isa = XCSwiftPackageProductDependency;
			package = DF7119A429AB5B790029A98F /* XCRemoteSwiftPackageReference "RxSwift" */;
			productName = RxSwift;
		};
/* End XCSwiftPackageProductDependency section */
	};
	rootObject = DF7ECFAF29AB54F6000307FF /* Project object */;
}
